
Microsoft Visual Studio Solution File, Format Version 12.00
# Visual Studio Version 17
VisualStudioVersion = 17.12.35506.116 d17.12
MinimumVisualStudioVersion = 10.0.40219.1
Project("{FAE04EC0-301F-11D3-BF4B-00C04F79EFBC}") = "Wsi.NovaCentauri.Cons", "Wsi.NovaCentauri.Cons\Wsi.NovaCentauri.Cons.csproj", "{907E7A91-3BE6-4854-A5A0-75E33F8D1DD8}"
EndProject
Project("{FAE04EC0-301F-11D3-BF4B-00C04F79EFBC}") = "Involved.HTF.Common", "..\..\..\..\..\..\..\Downloads\Involved.HTF.Template\Involved.HTF.Template\Involved.HTF.Common\Involved.HTF.Common.csproj", "{CE49C2E3-5143-4B1C-9549-B5DCEBC5A7B3}"
EndProject
Global
	GlobalSection(SolutionConfigurationPlatforms) = preSolution
		Debug|Any CPU = Debug|Any CPU
		Release|Any CPU = Release|Any CPU
	EndGlobalSection
	GlobalSection(ProjectConfigurationPlatforms) = postSolution
		{907E7A91-3BE6-4854-A5A0-75E33F8D1DD8}.Debug|Any CPU.ActiveCfg = Debug|Any CPU
		{907E7A91-3BE6-4854-A5A0-75E33F8D1DD8}.Debug|Any CPU.Build.0 = Debug|Any CPU
		{907E7A91-3BE6-4854-A5A0-75E33F8D1DD8}.Release|Any CPU.ActiveCfg = Release|Any CPU
		{907E7A91-3BE6-4854-A5A0-75E33F8D1DD8}.Release|Any CPU.Build.0 = Release|Any CPU
		{CE49C2E3-5143-4B1C-9549-B5DCEBC5A7B3}.Debug|Any CPU.ActiveCfg = Debug|Any CPU
		{CE49C2E3-5143-4B1C-9549-B5DCEBC5A7B3}.Debug|Any CPU.Build.0 = Debug|Any CPU
		{CE49C2E3-5143-4B1C-9549-B5DCEBC5A7B3}.Release|Any CPU.ActiveCfg = Release|Any CPU
		{CE49C2E3-5143-4B1C-9549-B5DCEBC5A7B3}.Release|Any CPU.Build.0 = Release|Any CPU
	EndGlobalSection
	GlobalSection(SolutionProperties) = preSolution
		HideSolutionNode = FALSE
	EndGlobalSection
EndGlobal
